
Microsoft Visual Studio Solution File, Format Version 12.00
# Visual Studio Version 17
VisualStudioVersion = 17.6.33712.159
MinimumVisualStudioVersion = 10.0.40219.1
Project("{FAE04EC0-301F-11D3-BF4B-00C04F79EFBC}") = "ConsoleUI", "ConsoleUI\ConsoleUI.csproj", "{11D49B00-2074-47E7-81FC-C48ED4B314C9}"
EndProject
Project("{FAE04EC0-301F-11D3-BF4B-00C04F79EFBC}") = "Models", "Models\Models.csproj", "{7A9B5AE6-AC4B-4EFB-A8E4-11CC001FF5EE}"
EndProject
Global
	GlobalSection(SolutionConfigurationPlatforms) = preSolution
		Debug|Any CPU = Debug|Any CPU
		Release|Any CPU = Release|Any CPU
	EndGlobalSection
	GlobalSection(ProjectConfigurationPlatforms) = postSolution
		{11D49B00-2074-47E7-81FC-C48ED4B314C9}.Debug|Any CPU.ActiveCfg = Debug|Any CPU
		{11D49B00-2074-47E7-81FC-C48ED4B314C9}.Debug|Any CPU.Build.0 = Debug|Any CPU
		{11D49B00-2074-47E7-81FC-C48ED4B314C9}.Release|Any CPU.ActiveCfg = Release|Any CPU
		{11D49B00-2074-47E7-81FC-C48ED4B314C9}.Release|Any CPU.Build.0 = Release|Any CPU
		{7A9B5AE6-AC4B-4EFB-A8E4-11CC001FF5EE}.Debug|Any CPU.ActiveCfg = Debug|Any CPU
		{7A9B5AE6-AC4B-4EFB-A8E4-11CC001FF5EE}.Debug|Any CPU.Build.0 = Debug|Any CPU
		{7A9B5AE6-AC4B-4EFB-A8E4-11CC001FF5EE}.Release|Any CPU.ActiveCfg = Release|Any CPU
		{7A9B5AE6-AC4B-4EFB-A8E4-11CC001FF5EE}.Release|Any CPU.Build.0 = Release|Any CPU
	EndGlobalSection
	GlobalSection(SolutionProperties) = preSolution
		HideSolutionNode = FALSE
	EndGlobalSection
	GlobalSection(ExtensibilityGlobals) = postSolution
		SolutionGuid = {64E82A8C-0B24-4310-8479-377BADB6C898}
	EndGlobalSection
EndGlobal
